
Microsoft Visual Studio Solution File, Format Version 12.00
# Visual Studio Version 17
VisualStudioVersion = 17.4.33213.308
MinimumVisualStudioVersion = 10.0.40219.1
Project("{FAE04EC0-301F-11D3-BF4B-00C04F79EFBC}") = "paint", "paint\paint.csproj", "{B3464743-4BA5-4A95-A1A2-A696C2CB927C}"
EndProject
Global
	GlobalSection(SolutionConfigurationPlatforms) = preSolution
		Debug|Any CPU = Debug|Any CPU
		Release|Any CPU = Release|Any CPU
	EndGlobalSection
	GlobalSection(ProjectConfigurationPlatforms) = postSolution
		{B3464743-4BA5-4A95-A1A2-A696C2CB927C}.Debug|Any CPU.ActiveCfg = Debug|Any CPU
		{B3464743-4BA5-4A95-A1A2-A696C2CB927C}.Debug|Any CPU.Build.0 = Debug|Any CPU
		{B3464743-4BA5-4A95-A1A2-A696C2CB927C}.Release|Any CPU.ActiveCfg = Release|Any CPU
		{B3464743-4BA5-4A95-A1A2-A696C2CB927C}.Release|Any CPU.Build.0 = Release|Any CPU
	EndGlobalSection
	GlobalSection(SolutionProperties) = preSolution
		HideSolutionNode = FALSE
	EndGlobalSection
	GlobalSection(ExtensibilityGlobals) = postSolution
		SolutionGuid = {B3570D34-771C-47F1-BBED-A7300C395974}
	EndGlobalSection
EndGlobal
